{
  "version": 4,
  "terraform_version": "1.3.4",
  "serial": 112,
  "lineage": "02fb84bb-3ca8-5f1d-89a1-8791f4b3829a",
  "outputs": {
    "ip_node": {
      "value": "3.219.55.188",
      "type": "string"
    },
    "subnet_a_id": {
      "value": "subnet-0533e7229adbf4d9c",
      "type": "string"
    },
    "subnet_b_id": {
      "value": "subnet-07250d3956dbea3ee",
      "type": "string"
    },
    "subnet_c_id": {
      "value": "subnet-0da500906befb47f5",
      "type": "string"
    },
    "vpc_id": {
      "value": "vpc-0b2e0323a6a081dad",
      "type": "string"
    }
  },
  "resources": [
    {
      "module": "module.ecs_container",
      "mode": "managed",
      "type": "aws_ecs_cluster",
      "name": "vvv_cluster",
      "provider": "provider[\"registry.terraform.io/hashicorp/aws\"]",
      "instances": [
        {
          "schema_version": 0,
          "attributes": {
            "arn": "arn:aws:ecs:us-east-1:564141216590:cluster/vvv-cluster",
            "capacity_providers": [],
            "configuration": [],
            "default_capacity_provider_strategy": [],
            "id": "arn:aws:ecs:us-east-1:564141216590:cluster/vvv-cluster",
            "name": "vvv-cluster",
            "setting": [
              {
                "name": "containerInsights",
                "value": "disabled"
              }
            ],
            "tags": {},
            "tags_all": {}
          },
          "sensitive_attributes": [],
          "private": "bnVsbA=="
        }
      ]
    },
    {
      "module": "module.ecs_container",
      "mode": "managed",
      "type": "aws_ecs_service",
      "name": "vvv_service",
      "provider": "provider[\"registry.terraform.io/hashicorp/aws\"]",
      "instances": [
        {
          "schema_version": 0,
          "attributes": {
            "capacity_provider_strategy": [],
            "cluster": "arn:aws:ecs:us-east-1:564141216590:cluster/vvv-cluster",
            "deployment_circuit_breaker": [
              {
                "enable": false,
                "rollback": false
              }
            ],
            "deployment_controller": [
              {
                "type": "ECS"
              }
            ],
            "deployment_maximum_percent": 200,
            "deployment_minimum_healthy_percent": 100,
            "desired_count": 2,
            "enable_ecs_managed_tags": false,
            "enable_execute_command": false,
            "force_new_deployment": null,
            "health_check_grace_period_seconds": 0,
            "iam_role": "aws-service-role",
            "id": "arn:aws:ecs:us-east-1:564141216590:service/vvv-cluster/vvv-service",
            "launch_type": "FARGATE",
            "load_balancer": [
              {
                "container_name": "vvv-task",
                "container_port": 9332,
                "elb_name": "",
                "target_group_arn": "arn:aws:elasticloadbalancing:us-east-1:564141216590:targetgroup/vvv-target-group/d16c7b813142c7a1"
              }
            ],
            "name": "vvv-service",
            "network_configuration": [
              {
                "assign_public_ip": true,
                "security_groups": [
                  "sg-0b8250ce4b548ba1e"
                ],
                "subnets": [
                  "subnet-0533e7229adbf4d9c",
                  "subnet-07250d3956dbea3ee",
                  "subnet-0da500906befb47f5"
                ]
              }
            ],
            "ordered_placement_strategy": [],
            "placement_constraints": [],
            "platform_version": "LATEST",
            "propagate_tags": "NONE",
            "scheduling_strategy": "REPLICA",
            "service_registries": [],
            "tags": {},
            "tags_all": {},
            "task_definition": "arn:aws:ecs:us-east-1:564141216590:task-definition/vvv-task:22",
            "timeouts": null,
            "triggers": {},
            "wait_for_steady_state": false
          },
          "sensitive_attributes": [],
          "private": "eyJlMmJmYjczMC1lY2FhLTExZTYtOGY4OC0zNDM2M2JjN2M0YzAiOnsiY3JlYXRlIjoxMjAwMDAwMDAwMDAwLCJkZWxldGUiOjEyMDAwMDAwMDAwMDAsInVwZGF0ZSI6MTIwMDAwMDAwMDAwMH19",
          "dependencies": [
            "module.ecs_container.aws_ecs_cluster.vvv_cluster",
            "module.ecs_container.aws_ecs_task_definition.vvv_task",
            "module.load_balancer.aws_lb_target_group.vvv_target_group",
            "module.load_balancer.aws_security_group.vvv_service_security_group",
            "module.network.aws_default_subnet.vvv_subnet_a",
            "module.network.aws_default_subnet.vvv_subnet_b",
            "module.network.aws_default_subnet.vvv_subnet_c"
          ]
        }
      ]
    },
    {
      "module": "module.ecs_container",
      "mode": "managed",
      "type": "aws_ecs_task_definition",
      "name": "vvv_task",
      "provider": "provider[\"registry.terraform.io/hashicorp/aws\"]",
      "instances": [
        {
          "schema_version": 1,
          "attributes": {
            "arn": "arn:aws:ecs:us-east-1:564141216590:task-definition/vvv-task:22",
            "container_definitions": "[{\"cpu\":1024,\"environment\":[],\"essential\":true,\"image\":\"docker.plcu.io/plc-ultima-node:3.13\",\"memory\":2048,\"mountPoints\":[],\"name\":\"vvv-task\",\"portMappings\":[{\"containerPort\":9332,\"hostPort\":9332,\"protocol\":\"tcp\"}],\"volumesFrom\":[]}]",
            "cpu": "1024",
            "ephemeral_storage": [],
            "execution_role_arn": "",
            "family": "vvv-task",
            "id": "vvv-task",
            "inference_accelerator": [],
            "ipc_mode": "",
            "memory": "2048",
            "network_mode": "awsvpc",
            "pid_mode": "",
            "placement_constraints": [],
            "proxy_configuration": [],
            "requires_compatibilities": [
              "FARGATE"
            ],
            "revision": 22,
            "runtime_platform": [],
            "skip_destroy": false,
            "tags": {},
            "tags_all": {},
            "task_role_arn": "",
            "volume": []
          },
          "sensitive_attributes": [],
          "private": "eyJzY2hlbWFfdmVyc2lvbiI6IjEifQ=="
        }
      ]
    },
    {
      "module": "module.load_balancer",
      "mode": "data",
      "type": "dns_a_record_set",
      "name": "lb_dns_a",
      "provider": "provider[\"registry.terraform.io/hashicorp/dns\"]",
      "instances": [
        {
          "schema_version": 0,
          "attributes": {
            "addrs": [
              "3.219.55.188",
              "3.225.189.132"
            ],
            "host": "lb-tf-784341718.us-east-1.elb.amazonaws.com",
            "id": "lb-tf-784341718.us-east-1.elb.amazonaws.com"
          },
          "sensitive_attributes": []
        }
      ]
    },
    {
      "module": "module.load_balancer",
      "mode": "managed",
      "type": "aws_alb",
      "name": "vvv_application_load_balancer",
      "provider": "provider[\"registry.terraform.io/hashicorp/aws\"]",
      "instances": [
        {
          "schema_version": 0,
          "attributes": {
            "access_logs": [
              {
                "bucket": "",
                "enabled": false,
                "prefix": ""
              }
            ],
            "arn": "arn:aws:elasticloadbalancing:us-east-1:564141216590:loadbalancer/app/lb-tf/eb73567b4a2b0c74",
            "arn_suffix": "app/lb-tf/eb73567b4a2b0c74",
            "customer_owned_ipv4_pool": "",
            "desync_mitigation_mode": "defensive",
            "dns_name": "lb-tf-784341718.us-east-1.elb.amazonaws.com",
            "drop_invalid_header_fields": false,
            "enable_cross_zone_load_balancing": true,
            "enable_deletion_protection": false,
            "enable_http2": true,
            "enable_waf_fail_open": false,
            "id": "arn:aws:elasticloadbalancing:us-east-1:564141216590:loadbalancer/app/lb-tf/eb73567b4a2b0c74",
            "idle_timeout": 60,
            "internal": false,
            "ip_address_type": "ipv4",
            "load_balancer_type": "application",
            "name": "lb-tf",
            "name_prefix": null,
            "preserve_host_header": false,
            "security_groups": [
              "sg-044dd451a0b8c93f1"
            ],
            "subnet_mapping": [
              {
                "allocation_id": "",
                "ipv6_address": "",
                "outpost_id": "",
                "private_ipv4_address": "",
                "subnet_id": "subnet-0533e7229adbf4d9c"
              },
              {
                "allocation_id": "",
                "ipv6_address": "",
                "outpost_id": "",
                "private_ipv4_address": "",
                "subnet_id": "subnet-07250d3956dbea3ee"
              },
              {
                "allocation_id": "",
                "ipv6_address": "",
                "outpost_id": "",
                "private_ipv4_address": "",
                "subnet_id": "subnet-0da500906befb47f5"
              }
            ],
            "subnets": [
              "subnet-0533e7229adbf4d9c",
              "subnet-07250d3956dbea3ee",
              "subnet-0da500906befb47f5"
            ],
            "tags": {},
            "tags_all": {},
            "timeouts": null,
            "vpc_id": "vpc-0b2e0323a6a081dad",
            "zone_id": "Z35SXDOTRQ7X7K"
          },
          "sensitive_attributes": [],
          "private": "eyJlMmJmYjczMC1lY2FhLTExZTYtOGY4OC0zNDM2M2JjN2M0YzAiOnsiY3JlYXRlIjo2MDAwMDAwMDAwMDAsImRlbGV0ZSI6NjAwMDAwMDAwMDAwLCJ1cGRhdGUiOjYwMDAwMDAwMDAwMH19",
          "dependencies": [
            "module.load_balancer.aws_security_group.vvv_load_balancer_security_group",
            "module.network.aws_default_subnet.vvv_subnet_a",
            "module.network.aws_default_subnet.vvv_subnet_b",
            "module.network.aws_default_subnet.vvv_subnet_c"
          ]
        }
      ]
    },
    {
      "module": "module.load_balancer",
      "mode": "managed",
      "type": "aws_lb_listener",
      "name": "vvv_https_listener",
      "provider": "provider[\"registry.terraform.io/hashicorp/aws\"]",
      "instances": [
        {
          "schema_version": 0,
          "attributes": {
            "alpn_policy": null,
            "arn": "arn:aws:elasticloadbalancing:us-east-1:564141216590:listener/app/lb-tf/eb73567b4a2b0c74/5b1fc580a8817ba3",
            "certificate_arn": "arn:aws:acm:us-east-1:564141216590:certificate/3a2f0d25-ab5e-4c2f-9849-45509c87ff89",
            "default_action": [
              {
                "authenticate_cognito": [],
                "authenticate_oidc": [],
                "fixed_response": [],
                "forward": [],
                "order": 1,
                "redirect": [],
                "target_group_arn": "arn:aws:elasticloadbalancing:us-east-1:564141216590:targetgroup/vvv-target-group/d16c7b813142c7a1",
                "type": "forward"
              }
            ],
            "id": "arn:aws:elasticloadbalancing:us-east-1:564141216590:listener/app/lb-tf/eb73567b4a2b0c74/5b1fc580a8817ba3",
            "load_balancer_arn": "arn:aws:elasticloadbalancing:us-east-1:564141216590:loadbalancer/app/lb-tf/eb73567b4a2b0c74",
            "port": 443,
            "protocol": "HTTPS",
            "ssl_policy": "ELBSecurityPolicy-2016-08",
            "tags": {},
            "tags_all": {},
            "timeouts": null
          },
          "sensitive_attributes": [],
          "private": "eyJlMmJmYjczMC1lY2FhLTExZTYtOGY4OC0zNDM2M2JjN2M0YzAiOnsicmVhZCI6NjAwMDAwMDAwMDAwfX0=",
          "dependencies": [
            "module.load_balancer.aws_alb.vvv_application_load_balancer",
            "module.load_balancer.aws_lb_target_group.vvv_target_group",
            "module.load_balancer.aws_security_group.vvv_load_balancer_security_group",
            "module.network.aws_default_subnet.vvv_subnet_a",
            "module.network.aws_default_subnet.vvv_subnet_b",
            "module.network.aws_default_subnet.vvv_subnet_c",
            "module.network.aws_default_vpc.vvv_vpc"
          ]
        }
      ]
    },
    {
      "module": "module.load_balancer",
      "mode": "managed",
      "type": "aws_lb_listener",
      "name": "vvv_listener",
      "provider": "provider[\"registry.terraform.io/hashicorp/aws\"]",
      "instances": [
        {
          "schema_version": 0,
          "attributes": {
            "alpn_policy": null,
            "arn": "arn:aws:elasticloadbalancing:us-east-1:564141216590:listener/app/lb-tf/eb73567b4a2b0c74/8cb6d3ae17eb4163",
            "certificate_arn": null,
            "default_action": [
              {
                "authenticate_cognito": [],
                "authenticate_oidc": [],
                "fixed_response": [],
                "forward": [],
                "order": 1,
                "redirect": [],
                "target_group_arn": "arn:aws:elasticloadbalancing:us-east-1:564141216590:targetgroup/vvv-target-group/d16c7b813142c7a1",
                "type": "forward"
              }
            ],
            "id": "arn:aws:elasticloadbalancing:us-east-1:564141216590:listener/app/lb-tf/eb73567b4a2b0c74/8cb6d3ae17eb4163",
            "load_balancer_arn": "arn:aws:elasticloadbalancing:us-east-1:564141216590:loadbalancer/app/lb-tf/eb73567b4a2b0c74",
            "port": 80,
            "protocol": "HTTP",
            "ssl_policy": "",
            "tags": {},
            "tags_all": {},
            "timeouts": null
          },
          "sensitive_attributes": [],
          "private": "eyJlMmJmYjczMC1lY2FhLTExZTYtOGY4OC0zNDM2M2JjN2M0YzAiOnsicmVhZCI6NjAwMDAwMDAwMDAwfX0=",
          "dependencies": [
            "module.load_balancer.aws_alb.vvv_application_load_balancer",
            "module.load_balancer.aws_lb_target_group.vvv_target_group",
            "module.load_balancer.aws_security_group.vvv_load_balancer_security_group",
            "module.network.aws_default_subnet.vvv_subnet_a",
            "module.network.aws_default_subnet.vvv_subnet_b",
            "module.network.aws_default_subnet.vvv_subnet_c",
            "module.network.aws_default_vpc.vvv_vpc"
          ]
        }
      ]
    },
    {
      "module": "module.load_balancer",
      "mode": "managed",
      "type": "aws_lb_target_group",
      "name": "vvv_target_group",
      "provider": "provider[\"registry.terraform.io/hashicorp/aws\"]",
      "instances": [
        {
          "schema_version": 0,
          "attributes": {
            "arn": "arn:aws:elasticloadbalancing:us-east-1:564141216590:targetgroup/vvv-target-group/d16c7b813142c7a1",
            "arn_suffix": "targetgroup/vvv-target-group/d16c7b813142c7a1",
            "connection_termination": false,
            "deregistration_delay": "300",
            "health_check": [
              {
                "enabled": true,
                "healthy_threshold": 5,
                "interval": 30,
                "matcher": "200",
                "path": "/",
                "port": "traffic-port",
                "protocol": "HTTP",
                "timeout": 5,
                "unhealthy_threshold": 2
              }
            ],
            "id": "arn:aws:elasticloadbalancing:us-east-1:564141216590:targetgroup/vvv-target-group/d16c7b813142c7a1",
            "ip_address_type": "ipv4",
            "lambda_multi_value_headers_enabled": false,
            "load_balancing_algorithm_type": "round_robin",
            "name": "vvv-target-group",
            "name_prefix": null,
            "port": 80,
            "preserve_client_ip": null,
            "protocol": "HTTP",
            "protocol_version": "HTTP1",
            "proxy_protocol_v2": false,
            "slow_start": 0,
            "stickiness": [
              {
                "cookie_duration": 86400,
                "cookie_name": "",
                "enabled": false,
                "type": "lb_cookie"
              }
            ],
            "tags": {},
            "tags_all": {},
            "target_failover": [
              {
                "on_deregistration": null,
                "on_unhealthy": null
              }
            ],
            "target_type": "ip",
            "vpc_id": "vpc-0b2e0323a6a081dad"
          },
          "sensitive_attributes": [],
          "private": "bnVsbA==",
          "dependencies": [
            "module.network.aws_default_vpc.vvv_vpc"
          ]
        }
      ]
    },
    {
      "module": "module.load_balancer",
      "mode": "managed",
      "type": "aws_security_group",
      "name": "vvv_load_balancer_security_group",
      "provider": "provider[\"registry.terraform.io/hashicorp/aws\"]",
      "instances": [
        {
          "schema_version": 1,
          "attributes": {
            "arn": "arn:aws:ec2:us-east-1:564141216590:security-group/sg-044dd451a0b8c93f1",
            "description": "Managed by Terraform",
            "egress": [
              {
                "cidr_blocks": [
                  "0.0.0.0/0"
                ],
                "description": "",
                "from_port": 0,
                "ipv6_cidr_blocks": [],
                "prefix_list_ids": [],
                "protocol": "-1",
                "security_groups": [],
                "self": false,
                "to_port": 0
              }
            ],
            "id": "sg-044dd451a0b8c93f1",
            "ingress": [
              {
                "cidr_blocks": [
                  "0.0.0.0/0"
                ],
                "description": "",
                "from_port": 80,
                "ipv6_cidr_blocks": [],
                "prefix_list_ids": [],
                "protocol": "tcp",
                "security_groups": [],
                "self": false,
                "to_port": 80
              },
              {
                "cidr_blocks": [
                  "0.0.0.0/0"
                ],
                "description": "Allow Port 443",
                "from_port": 443,
                "ipv6_cidr_blocks": [],
                "prefix_list_ids": [],
                "protocol": "tcp",
                "security_groups": [],
                "self": false,
                "to_port": 443
              }
            ],
            "name": "terraform-20221121145908017800000001",
            "name_prefix": "terraform-",
            "owner_id": "564141216590",
            "revoke_rules_on_delete": false,
            "tags": {},
            "tags_all": {},
            "timeouts": null,
            "vpc_id": "vpc-0b2e0323a6a081dad"
          },
          "sensitive_attributes": [],
          "private": "eyJlMmJmYjczMC1lY2FhLTExZTYtOGY4OC0zNDM2M2JjN2M0YzAiOnsiY3JlYXRlIjo2MDAwMDAwMDAwMDAsImRlbGV0ZSI6OTAwMDAwMDAwMDAwfSwic2NoZW1hX3ZlcnNpb24iOiIxIn0="
        }
      ]
    },
    {
      "module": "module.load_balancer",
      "mode": "managed",
      "type": "aws_security_group",
      "name": "vvv_service_security_group",
      "provider": "provider[\"registry.terraform.io/hashicorp/aws\"]",
      "instances": [
        {
          "schema_version": 1,
          "attributes": {
            "arn": "arn:aws:ec2:us-east-1:564141216590:security-group/sg-0b8250ce4b548ba1e",
            "description": "Managed by Terraform",
            "egress": [
              {
                "cidr_blocks": [
                  "0.0.0.0/0"
                ],
                "description": "",
                "from_port": 0,
                "ipv6_cidr_blocks": [],
                "prefix_list_ids": [],
                "protocol": "-1",
                "security_groups": [],
                "self": false,
                "to_port": 0
              }
            ],
            "id": "sg-0b8250ce4b548ba1e",
            "ingress": [
              {
                "cidr_blocks": [],
                "description": "",
                "from_port": 0,
                "ipv6_cidr_blocks": [],
                "prefix_list_ids": [],
                "protocol": "-1",
                "security_groups": [
                  "sg-044dd451a0b8c93f1"
                ],
                "self": false,
                "to_port": 0
              }
            ],
            "name": "terraform-20221121145914501300000002",
            "name_prefix": "terraform-",
            "owner_id": "564141216590",
            "revoke_rules_on_delete": false,
            "tags": {},
            "tags_all": {},
            "timeouts": null,
            "vpc_id": "vpc-0b2e0323a6a081dad"
          },
          "sensitive_attributes": [],
          "private": "eyJlMmJmYjczMC1lY2FhLTExZTYtOGY4OC0zNDM2M2JjN2M0YzAiOnsiY3JlYXRlIjo2MDAwMDAwMDAwMDAsImRlbGV0ZSI6OTAwMDAwMDAwMDAwfSwic2NoZW1hX3ZlcnNpb24iOiIxIn0=",
          "dependencies": [
            "module.load_balancer.aws_security_group.vvv_load_balancer_security_group"
          ]
        }
      ]
    },
    {
      "module": "module.network",
      "mode": "managed",
      "type": "aws_default_subnet",
      "name": "vvv_subnet_a",
      "provider": "provider[\"registry.terraform.io/hashicorp/aws\"]",
      "instances": [
        {
          "schema_version": 1,
          "attributes": {
            "arn": "arn:aws:ec2:us-east-1:564141216590:subnet/subnet-0533e7229adbf4d9c",
            "assign_ipv6_address_on_creation": false,
            "availability_zone": "us-east-1a",
            "availability_zone_id": "use1-az6",
            "cidr_block": "172.31.32.0/20",
            "customer_owned_ipv4_pool": "",
            "enable_dns64": false,
            "enable_resource_name_dns_a_record_on_launch": false,
            "enable_resource_name_dns_aaaa_record_on_launch": false,
            "existing_default_subnet": true,
            "force_destroy": false,
            "id": "subnet-0533e7229adbf4d9c",
            "ipv6_cidr_block": "",
            "ipv6_cidr_block_association_id": "",
            "ipv6_native": false,
            "map_customer_owned_ip_on_launch": false,
            "map_public_ip_on_launch": true,
            "outpost_arn": "",
            "owner_id": "564141216590",
            "private_dns_hostname_type_on_launch": "ip-name",
            "tags": {
              "Name": "ultima_a"
            },
            "tags_all": {
              "Name": "ultima_a"
            },
            "timeouts": null,
            "vpc_id": "vpc-0b2e0323a6a081dad"
          },
          "sensitive_attributes": [],
          "private": "eyJlMmJmYjczMC1lY2FhLTExZTYtOGY4OC0zNDM2M2JjN2M0YzAiOnsiY3JlYXRlIjo2MDAwMDAwMDAwMDAsImRlbGV0ZSI6MTIwMDAwMDAwMDAwMH0sInNjaGVtYV92ZXJzaW9uIjoiMSJ9"
        }
      ]
    },
    {
      "module": "module.network",
      "mode": "managed",
      "type": "aws_default_subnet",
      "name": "vvv_subnet_b",
      "provider": "provider[\"registry.terraform.io/hashicorp/aws\"]",
      "instances": [
        {
          "schema_version": 1,
          "attributes": {
            "arn": "arn:aws:ec2:us-east-1:564141216590:subnet/subnet-07250d3956dbea3ee",
            "assign_ipv6_address_on_creation": false,
            "availability_zone": "us-east-1b",
            "availability_zone_id": "use1-az1",
            "cidr_block": "172.31.0.0/20",
            "customer_owned_ipv4_pool": "",
            "enable_dns64": false,
            "enable_resource_name_dns_a_record_on_launch": false,
            "enable_resource_name_dns_aaaa_record_on_launch": false,
            "existing_default_subnet": true,
            "force_destroy": false,
            "id": "subnet-07250d3956dbea3ee",
            "ipv6_cidr_block": "",
            "ipv6_cidr_block_association_id": "",
            "ipv6_native": false,
            "map_customer_owned_ip_on_launch": false,
            "map_public_ip_on_launch": true,
            "outpost_arn": "",
            "owner_id": "564141216590",
            "private_dns_hostname_type_on_launch": "ip-name",
            "tags": {
              "Name": "ultima_b"
            },
            "tags_all": {
              "Name": "ultima_b"
            },
            "timeouts": null,
            "vpc_id": "vpc-0b2e0323a6a081dad"
          },
          "sensitive_attributes": [],
          "private": "eyJlMmJmYjczMC1lY2FhLTExZTYtOGY4OC0zNDM2M2JjN2M0YzAiOnsiY3JlYXRlIjo2MDAwMDAwMDAwMDAsImRlbGV0ZSI6MTIwMDAwMDAwMDAwMH0sInNjaGVtYV92ZXJzaW9uIjoiMSJ9"
        }
      ]
    },
    {
      "module": "module.network",
      "mode": "managed",
      "type": "aws_default_subnet",
      "name": "vvv_subnet_c",
      "provider": "provider[\"registry.terraform.io/hashicorp/aws\"]",
      "instances": [
        {
          "schema_version": 1,
          "attributes": {
            "arn": "arn:aws:ec2:us-east-1:564141216590:subnet/subnet-0da500906befb47f5",
            "assign_ipv6_address_on_creation": false,
            "availability_zone": "us-east-1c",
            "availability_zone_id": "use1-az2",
            "cidr_block": "172.31.80.0/20",
            "customer_owned_ipv4_pool": "",
            "enable_dns64": false,
            "enable_resource_name_dns_a_record_on_launch": false,
            "enable_resource_name_dns_aaaa_record_on_launch": false,
            "existing_default_subnet": true,
            "force_destroy": false,
            "id": "subnet-0da500906befb47f5",
            "ipv6_cidr_block": "",
            "ipv6_cidr_block_association_id": "",
            "ipv6_native": false,
            "map_customer_owned_ip_on_launch": false,
            "map_public_ip_on_launch": true,
            "outpost_arn": "",
            "owner_id": "564141216590",
            "private_dns_hostname_type_on_launch": "ip-name",
            "tags": {
              "Name": "ultima_c"
            },
            "tags_all": {
              "Name": "ultima_c"
            },
            "timeouts": null,
            "vpc_id": "vpc-0b2e0323a6a081dad"
          },
          "sensitive_attributes": [],
          "private": "eyJlMmJmYjczMC1lY2FhLTExZTYtOGY4OC0zNDM2M2JjN2M0YzAiOnsiY3JlYXRlIjo2MDAwMDAwMDAwMDAsImRlbGV0ZSI6MTIwMDAwMDAwMDAwMH0sInNjaGVtYV92ZXJzaW9uIjoiMSJ9"
        }
      ]
    },
    {
      "module": "module.network",
      "mode": "managed",
      "type": "aws_default_vpc",
      "name": "vvv_vpc",
      "provider": "provider[\"registry.terraform.io/hashicorp/aws\"]",
      "instances": [
        {
          "schema_version": 1,
          "attributes": {
            "arn": "arn:aws:ec2:us-east-1:564141216590:vpc/vpc-0b2e0323a6a081dad",
            "assign_generated_ipv6_cidr_block": false,
            "cidr_block": "172.31.0.0/16",
            "default_network_acl_id": "acl-095da7495d9f9777b",
            "default_route_table_id": "rtb-0372e234c1b44922c",
            "default_security_group_id": "sg-028b3fea82d29fcbf",
            "dhcp_options_id": "dopt-08c815188b5726aa2",
            "enable_classiclink": false,
            "enable_classiclink_dns_support": false,
            "enable_dns_hostnames": true,
            "enable_dns_support": true,
            "enable_network_address_usage_metrics": true,
            "existing_default_vpc": true,
            "force_destroy": false,
            "id": "vpc-0b2e0323a6a081dad",
            "instance_tenancy": "default",
            "ipv6_association_id": "",
            "ipv6_cidr_block": "",
            "ipv6_cidr_block_network_border_group": "",
            "ipv6_ipam_pool_id": "",
            "ipv6_netmask_length": 0,
            "main_route_table_id": "rtb-0372e234c1b44922c",
            "owner_id": "564141216590",
            "tags": {
              "Name": "ultima"
            },
            "tags_all": {
              "Name": "ultima"
            }
          },
          "sensitive_attributes": [],
          "private": "eyJzY2hlbWFfdmVyc2lvbiI6IjEifQ=="
        }
      ]
    }
  ],
  "check_results": null
}
